// !$*UTF8*$!
{
	archiveVersion = 1;
	classes = {
	};
	objectVersion = 46;
	objects = {

/* Begin PBXBuildFile section */
		197E0CECBCA2EF0EE5664BD0 /* Pods_TopTunes.framework in Frameworks */ = {isa = PBXBuildFile; fileRef = 48724F6EA7AF4FF410E9E837 /* Pods_TopTunes.framework */; };
		F00551F81CA412E900AA84EC /* AppDelegate.swift in Sources */ = {isa = PBXBuildFile; fileRef = F00551F71CA412E900AA84EC /* AppDelegate.swift */; };
		F00551FF1CA412E900AA84EC /* Assets.xcassets in Resources */ = {isa = PBXBuildFile; fileRef = F00551FE1CA412E900AA84EC /* Assets.xcassets */; };
		F005520D1CA412E900AA84EC /* TopTunesTests.swift in Sources */ = {isa = PBXBuildFile; fileRef = F005520C1CA412E900AA84EC /* TopTunesTests.swift */; };
		F00552181CA412E900AA84EC /* TopTunesUITests.swift in Sources */ = {isa = PBXBuildFile; fileRef = F00552171CA412E900AA84EC /* TopTunesUITests.swift */; };
		F00552341CA4133C00AA84EC /* TrackListTableViewController.swift in Sources */ = {isa = PBXBuildFile; fileRef = F00552271CA4133C00AA84EC /* TrackListTableViewController.swift */; };
		F00552361CA4133C00AA84EC /* TrackCell.xib in Resources */ = {isa = PBXBuildFile; fileRef = F00552291CA4133C00AA84EC /* TrackCell.xib */; };
		F00552371CA4133C00AA84EC /* TrackCell.swift in Sources */ = {isa = PBXBuildFile; fileRef = F005522A1CA4133C00AA84EC /* TrackCell.swift */; };
		F00552381CA4133C00AA84EC /* Track.swift in Sources */ = {isa = PBXBuildFile; fileRef = F005522B1CA4133C00AA84EC /* Track.swift */; };
		F00552391CA4133C00AA84EC /* SearchAPI.swift in Sources */ = {isa = PBXBuildFile; fileRef = F005522C1CA4133C00AA84EC /* SearchAPI.swift */; };
		F005523A1CA4133C00AA84EC /* PreviewButton.swift in Sources */ = {isa = PBXBuildFile; fileRef = F005522D1CA4133C00AA84EC /* PreviewButton.swift */; };
		F005523B1CA4133C00AA84EC /* ErrorCell.xib in Resources */ = {isa = PBXBuildFile; fileRef = F005522E1CA4133C00AA84EC /* ErrorCell.xib */; };
		F005523C1CA4133C00AA84EC /* NoResultCell.xib in Resources */ = {isa = PBXBuildFile; fileRef = F005522F1CA4133C00AA84EC /* NoResultCell.xib */; };
		F005523D1CA4133C00AA84EC /* LoadingCell.xib in Resources */ = {isa = PBXBuildFile; fileRef = F00552301CA4133C00AA84EC /* LoadingCell.xib */; };
		F00552411CA4134F00AA84EC /* Main.storyboard in Resources */ = {isa = PBXBuildFile; fileRef = F005523F1CA4134F00AA84EC /* Main.storyboard */; };
		F05EA8531CA45A5F00585EF3 /* Constants.swift in Sources */ = {isa = PBXBuildFile; fileRef = F05EA8521CA45A5F00585EF3 /* Constants.swift */; };
		F05EA8551CA463ED00585EF3 /* itunes-apple-com-success.json in Resources */ = {isa = PBXBuildFile; fileRef = F05EA8541CA463ED00585EF3 /* itunes-apple-com-success.json */; };
/* End PBXBuildFile section */

/* Begin PBXContainerItemProxy section */
		F00552091CA412E900AA84EC /* PBXContainerItemProxy */ = {
			isa = PBXContainerItemProxy;
			containerPortal = F00551EC1CA412E900AA84EC /* Project object */;
			proxyType = 1;
			remoteGlobalIDString = F00551F31CA412E900AA84EC;
			remoteInfo = TopTunes;
		};
		F00552141CA412E900AA84EC /* PBXContainerItemProxy */ = {
			isa = PBXContainerItemProxy;
			containerPortal = F00551EC1CA412E900AA84EC /* Project object */;
			proxyType = 1;
			remoteGlobalIDString = F00551F31CA412E900AA84EC;
			remoteInfo = TopTunes;
		};
/* End PBXContainerItemProxy section */

/* Begin PBXFileReference section */
		48724F6EA7AF4FF410E9E837 /* Pods_TopTunes.framework */ = {isa = PBXFileReference; explicitFileType = wrapper.framework; includeInIndex = 0; path = Pods_TopTunes.framework; sourceTree = BUILT_PRODUCTS_DIR; };
		8D4F7580605421A67944EAED /* Pods-TopTunes.release.xcconfig */ = {isa = PBXFileReference; includeInIndex = 1; lastKnownFileType = text.xcconfig; name = "Pods-TopTunes.release.xcconfig"; path = "Pods/Target Support Files/Pods-TopTunes/Pods-TopTunes.release.xcconfig"; sourceTree = "<group>"; };
		905EA9E05B35E110003F2C87 /* Pods-TopTunes.debug.xcconfig */ = {isa = PBXFileReference; includeInIndex = 1; lastKnownFileType = text.xcconfig; name = "Pods-TopTunes.debug.xcconfig"; path = "Pods/Target Support Files/Pods-TopTunes/Pods-TopTunes.debug.xcconfig"; sourceTree = "<group>"; };
		F00551F41CA412E900AA84EC /* TopTunes.app */ = {isa = PBXFileReference; explicitFileType = wrapper.application; includeInIndex = 0; path = TopTunes.app; sourceTree = BUILT_PRODUCTS_DIR; };
		F00551F71CA412E900AA84EC /* AppDelegate.swift */ = {isa = PBXFileReference; lastKnownFileType = sourcecode.swift; path = AppDelegate.swift; sourceTree = "<group>"; };
		F00551FE1CA412E900AA84EC /* Assets.xcassets */ = {isa = PBXFileReference; lastKnownFileType = folder.assetcatalog; path = Assets.xcassets; sourceTree = "<group>"; };
		F00552081CA412E900AA84EC /* TopTunesTests.xctest */ = {isa = PBXFileReference; explicitFileType = wrapper.cfbundle; includeInIndex = 0; path = TopTunesTests.xctest; sourceTree = BUILT_PRODUCTS_DIR; };
		F005520C1CA412E900AA84EC /* TopTunesTests.swift */ = {isa = PBXFileReference; lastKnownFileType = sourcecode.swift; path = TopTunesTests.swift; sourceTree = "<group>"; };
		F005520E1CA412E900AA84EC /* Info.plist */ = {isa = PBXFileReference; lastKnownFileType = text.plist.xml; path = Info.plist; sourceTree = "<group>"; };
		F00552131CA412E900AA84EC /* TopTunesUITests.xctest */ = {isa = PBXFileReference; explicitFileType = wrapper.cfbundle; includeInIndex = 0; path = TopTunesUITests.xctest; sourceTree = BUILT_PRODUCTS_DIR; };
		F00552171CA412E900AA84EC /* TopTunesUITests.swift */ = {isa = PBXFileReference; lastKnownFileType = sourcecode.swift; path = TopTunesUITests.swift; sourceTree = "<group>"; };
		F00552191CA412E900AA84EC /* Info.plist */ = {isa = PBXFileReference; lastKnownFileType = text.plist.xml; path = Info.plist; sourceTree = "<group>"; };
		F00552271CA4133C00AA84EC /* TrackListTableViewController.swift */ = {isa = PBXFileReference; fileEncoding = 4; lastKnownFileType = sourcecode.swift; path = TrackListTableViewController.swift; sourceTree = "<group>"; };
		F00552291CA4133C00AA84EC /* TrackCell.xib */ = {isa = PBXFileReference; fileEncoding = 4; lastKnownFileType = file.xib; path = TrackCell.xib; sourceTree = "<group>"; };
		F005522A1CA4133C00AA84EC /* TrackCell.swift */ = {isa = PBXFileReference; fileEncoding = 4; lastKnownFileType = sourcecode.swift; path = TrackCell.swift; sourceTree = "<group>"; };
		F005522B1CA4133C00AA84EC /* Track.swift */ = {isa = PBXFileReference; fileEncoding = 4; lastKnownFileType = sourcecode.swift; path = Track.swift; sourceTree = "<group>"; };
		F005522C1CA4133C00AA84EC /* SearchAPI.swift */ = {isa = PBXFileReference; fileEncoding = 4; lastKnownFileType = sourcecode.swift; path = SearchAPI.swift; sourceTree = "<group>"; };
		F005522D1CA4133C00AA84EC /* PreviewButton.swift */ = {isa = PBXFileReference; fileEncoding = 4; lastKnownFileType = sourcecode.swift; path = PreviewButton.swift; sourceTree = "<group>"; };
		F005522E1CA4133C00AA84EC /* ErrorCell.xib */ = {isa = PBXFileReference; fileEncoding = 4; lastKnownFileType = file.xib; path = ErrorCell.xib; sourceTree = "<group>"; };
		F005522F1CA4133C00AA84EC /* NoResultCell.xib */ = {isa = PBXFileReference; fileEncoding = 4; lastKnownFileType = file.xib; path = NoResultCell.xib; sourceTree = "<group>"; };
		F00552301CA4133C00AA84EC /* LoadingCell.xib */ = {isa = PBXFileReference; fileEncoding = 4; lastKnownFileType = file.xib; path = LoadingCell.xib; sourceTree = "<group>"; };
		F00552311CA4133C00AA84EC /* Info.plist */ = {isa = PBXFileReference; fileEncoding = 4; lastKnownFileType = text.plist.xml; path = Info.plist; sourceTree = "<group>"; };
		F005523F1CA4134F00AA84EC /* Main.storyboard */ = {isa = PBXFileReference; fileEncoding = 4; lastKnownFileType = file.storyboard; path = Main.storyboard; sourceTree = "<group>"; };
		F05EA8521CA45A5F00585EF3 /* Constants.swift */ = {isa = PBXFileReference; fileEncoding = 4; lastKnownFileType = sourcecode.swift; path = Constants.swift; sourceTree = "<group>"; };
		F05EA8541CA463ED00585EF3 /* itunes-apple-com-success.json */ = {isa = PBXFileReference; fileEncoding = 4; lastKnownFileType = text.json; path = "itunes-apple-com-success.json"; sourceTree = "<group>"; };
/* End PBXFileReference section */

/* Begin PBXFrameworksBuildPhase section */
		F00551F11CA412E900AA84EC /* Frameworks */ = {
			isa = PBXFrameworksBuildPhase;
			buildActionMask = 2147483647;
			files = (
				197E0CECBCA2EF0EE5664BD0 /* Pods_TopTunes.framework in Frameworks */,
			);
			runOnlyForDeploymentPostprocessing = 0;
		};
		F00552051CA412E900AA84EC /* Frameworks */ = {
			isa = PBXFrameworksBuildPhase;
			buildActionMask = 2147483647;
			files = (
			);
			runOnlyForDeploymentPostprocessing = 0;
		};
		F00552101CA412E900AA84EC /* Frameworks */ = {
			isa = PBXFrameworksBuildPhase;
			buildActionMask = 2147483647;
			files = (
			);
			runOnlyForDeploymentPostprocessing = 0;
		};
/* End PBXFrameworksBuildPhase section */

/* Begin PBXGroup section */
		ABB65DFA5BBA1710B069F306 /* Pods */ = {
			isa = PBXGroup;
			children = (
				905EA9E05B35E110003F2C87 /* Pods-TopTunes.debug.xcconfig */,
				8D4F7580605421A67944EAED /* Pods-TopTunes.release.xcconfig */,
			);
			name = Pods;
			sourceTree = "<group>";
		};
		EAEB6B7ED9E5E71780AD9EE9 /* Frameworks */ = {
			isa = PBXGroup;
			children = (
				48724F6EA7AF4FF410E9E837 /* Pods_TopTunes.framework */,
			);
			name = Frameworks;
			sourceTree = "<group>";
		};
		F00551EB1CA412E900AA84EC = {
			isa = PBXGroup;
			children = (
				F00551F61CA412E900AA84EC /* TopTunes */,
				F005520B1CA412E900AA84EC /* TopTunesTests */,
				F00552161CA412E900AA84EC /* TopTunesUITests */,
				F00551F51CA412E900AA84EC /* Products */,
				ABB65DFA5BBA1710B069F306 /* Pods */,
				EAEB6B7ED9E5E71780AD9EE9 /* Frameworks */,
			);
			sourceTree = "<group>";
		};
		F00551F51CA412E900AA84EC /* Products */ = {
			isa = PBXGroup;
			children = (
				F00551F41CA412E900AA84EC /* TopTunes.app */,
				F00552081CA412E900AA84EC /* TopTunesTests.xctest */,
				F00552131CA412E900AA84EC /* TopTunesUITests.xctest */,
			);
			name = Products;
			sourceTree = "<group>";
		};
		F00551F61CA412E900AA84EC /* TopTunes */ = {
			isa = PBXGroup;
			children = (
				F05EA8591CA4BCCA00585EF3 /* Application */,
				F05EA8581CA4BB1200585EF3 /* Controller */,
				F05EA8571CA4BB0A00585EF3 /* View */,
				F05EA8561CA4BAEE00585EF3 /* Model */,
				F05EA85A1CA4BD5100585EF3 /* Library */,
				F00552311CA4133C00AA84EC /* Info.plist */,
				F00551FE1CA412E900AA84EC /* Assets.xcassets */,
			);
			path = TopTunes;
			sourceTree = "<group>";
		};
		F005520B1CA412E900AA84EC /* TopTunesTests */ = {
			isa = PBXGroup;
			children = (
				F005520C1CA412E900AA84EC /* TopTunesTests.swift */,
				F05EA8541CA463ED00585EF3 /* itunes-apple-com-success.json */,
				F005520E1CA412E900AA84EC /* Info.plist */,
			);
			path = TopTunesTests;
			sourceTree = "<group>";
		};
		F00552161CA412E900AA84EC /* TopTunesUITests */ = {
			isa = PBXGroup;
			children = (
				F00552171CA412E900AA84EC /* TopTunesUITests.swift */,
				F00552191CA412E900AA84EC /* Info.plist */,
			);
			path = TopTunesUITests;
			sourceTree = "<group>";
		};
		F05EA8561CA4BAEE00585EF3 /* Model */ = {
			isa = PBXGroup;
			children = (
				F005522B1CA4133C00AA84EC /* Track.swift */,
			);
			name = Model;
			sourceTree = "<group>";
		};
		F05EA8571CA4BB0A00585EF3 /* View */ = {
			isa = PBXGroup;
			children = (
				F05EA85C1CA4BEBD00585EF3 /* UI */,
				F005522D1CA4133C00AA84EC /* PreviewButton.swift */,
				F005522A1CA4133C00AA84EC /* TrackCell.swift */,
			);
			name = View;
			sourceTree = "<group>";
		};
		F05EA8581CA4BB1200585EF3 /* Controller */ = {
			isa = PBXGroup;
			children = (
				F00552271CA4133C00AA84EC /* TrackListTableViewController.swift */,
			);
			name = Controller;
			sourceTree = "<group>";
		};
		F05EA8591CA4BCCA00585EF3 /* Application */ = {
			isa = PBXGroup;
			children = (
				F05EA85D1CA4BF1100585EF3 /* UI */,
				F00551F71CA412E900AA84EC /* AppDelegate.swift */,
				F05EA8521CA45A5F00585EF3 /* Constants.swift */,
			);
			name = Application;
			sourceTree = "<group>";
		};
		F05EA85A1CA4BD5100585EF3 /* Library */ = {
			isa = PBXGroup;
			children = (
				F005522C1CA4133C00AA84EC /* SearchAPI.swift */,
			);
			name = Library;
			sourceTree = "<group>";
		};
		F05EA85C1CA4BEBD00585EF3 /* UI */ = {
			isa = PBXGroup;
			children = (
				F00552291CA4133C00AA84EC /* TrackCell.xib */,
				F005522E1CA4133C00AA84EC /* ErrorCell.xib */,
				F005522F1CA4133C00AA84EC /* NoResultCell.xib */,
				F00552301CA4133C00AA84EC /* LoadingCell.xib */,
			);
			name = UI;
			sourceTree = "<group>";
		};
		F05EA85D1CA4BF1100585EF3 /* UI */ = {
			isa = PBXGroup;
			children = (
				F005523F1CA4134F00AA84EC /* Main.storyboard */,
			);
			name = UI;
			sourceTree = "<group>";
		};
/* End PBXGroup section */

/* Begin PBXNativeTarget section */
		F00551F31CA412E900AA84EC /* TopTunes */ = {
			isa = PBXNativeTarget;
			buildConfigurationList = F005521C1CA412E900AA84EC /* Build configuration list for PBXNativeTarget "TopTunes" */;
			buildPhases = (
				468842C6425F4E48B133BF9B /* Check Pods Manifest.lock */,
				F00551F01CA412E900AA84EC /* Sources */,
				F00551F11CA412E900AA84EC /* Frameworks */,
				F00551F21CA412E900AA84EC /* Resources */,
				F6A3522017BECB10776A1E1C /* Embed Pods Frameworks */,
				DE88B28E9E9123ADAA727838 /* Copy Pods Resources */,
			);
			buildRules = (
			);
			dependencies = (
			);
			name = TopTunes;
			productName = TopTunes;
			productReference = F00551F41CA412E900AA84EC /* TopTunes.app */;
			productType = "com.apple.product-type.application";
		};
		F00552071CA412E900AA84EC /* TopTunesTests */ = {
			isa = PBXNativeTarget;
			buildConfigurationList = F005521F1CA412E900AA84EC /* Build configuration list for PBXNativeTarget "TopTunesTests" */;
			buildPhases = (
				F00552041CA412E900AA84EC /* Sources */,
				F00552051CA412E900AA84EC /* Frameworks */,
				F00552061CA412E900AA84EC /* Resources */,
			);
			buildRules = (
			);
			dependencies = (
				F005520A1CA412E900AA84EC /* PBXTargetDependency */,
			);
			name = TopTunesTests;
			productName = TopTunesTests;
			productReference = F00552081CA412E900AA84EC /* TopTunesTests.xctest */;
			productType = "com.apple.product-type.bundle.unit-test";
		};
		F00552121CA412E900AA84EC /* TopTunesUITests */ = {
			isa = PBXNativeTarget;
			buildConfigurationList = F00552221CA412E900AA84EC /* Build configuration list for PBXNativeTarget "TopTunesUITests" */;
			buildPhases = (
				F005520F1CA412E900AA84EC /* Sources */,
				F00552101CA412E900AA84EC /* Frameworks */,
				F00552111CA412E900AA84EC /* Resources */,
			);
			buildRules = (
			);
			dependencies = (
				F00552151CA412E900AA84EC /* PBXTargetDependency */,
			);
			name = TopTunesUITests;
			productName = TopTunesUITests;
			productReference = F00552131CA412E900AA84EC /* TopTunesUITests.xctest */;
			productType = "com.apple.product-type.bundle.ui-testing";
		};
/* End PBXNativeTarget section */

/* Begin PBXProject section */
		F00551EC1CA412E900AA84EC /* Project object */ = {
			isa = PBXProject;
			attributes = {
				LastSwiftUpdateCheck = 0720;
				LastUpgradeCheck = 0720;
				ORGANIZATIONNAME = "David Lobo";
				TargetAttributes = {
					F00551F31CA412E900AA84EC = {
						CreatedOnToolsVersion = 7.2;
					};
					F00552071CA412E900AA84EC = {
						CreatedOnToolsVersion = 7.2;
						TestTargetID = F00551F31CA412E900AA84EC;
					};
					F00552121CA412E900AA84EC = {
						CreatedOnToolsVersion = 7.2;
						TestTargetID = F00551F31CA412E900AA84EC;
					};
				};
			};
			buildConfigurationList = F00551EF1CA412E900AA84EC /* Build configuration list for PBXProject "TopTunes" */;
			compatibilityVersion = "Xcode 3.2";
			developmentRegion = English;
			hasScannedForEncodings = 0;
			knownRegions = (
				en,
				Base,
			);
			mainGroup = F00551EB1CA412E900AA84EC;
			productRefGroup = F00551F51CA412E900AA84EC /* Products */;
			projectDirPath = "";
			projectRoot = "";
			targets = (
				F00551F31CA412E900AA84EC /* TopTunes */,
				F00552071CA412E900AA84EC /* TopTunesTests */,
				F00552121CA412E900AA84EC /* TopTunesUITests */,
			);
		};
/* End PBXProject section */

/* Begin PBXResourcesBuildPhase section */
		F00551F21CA412E900AA84EC /* Resources */ = {
			isa = PBXResourcesBuildPhase;
			buildActionMask = 2147483647;
			files = (
				F005523B1CA4133C00AA84EC /* ErrorCell.xib in Resources */,
				F005523D1CA4133C00AA84EC /* LoadingCell.xib in Resources */,
				F00552411CA4134F00AA84EC /* Main.storyboard in Resources */,
				F00552361CA4133C00AA84EC /* TrackCell.xib in Resources */,
				F005523C1CA4133C00AA84EC /* NoResultCell.xib in Resources */,
				F00551FF1CA412E900AA84EC /* Assets.xcassets in Resources */,
			);
			runOnlyForDeploymentPostprocessing = 0;
		};
		F00552061CA412E900AA84EC /* Resources */ = {
			isa = PBXResourcesBuildPhase;
			buildActionMask = 2147483647;
			files = (
				F05EA8551CA463ED00585EF3 /* itunes-apple-com-success.json in Resources */,
			);
			runOnlyForDeploymentPostprocessing = 0;
		};
		F00552111CA412E900AA84EC /* Resources */ = {
			isa = PBXResourcesBuildPhase;
			buildActionMask = 2147483647;
			files = (
			);
			runOnlyForDeploymentPostprocessing = 0;
		};
/* End PBXResourcesBuildPhase section */

/* Begin PBXShellScriptBuildPhase section */
		468842C6425F4E48B133BF9B /* Check Pods Manifest.lock */ = {
			isa = PBXShellScriptBuildPhase;
			buildActionMask = 2147483647;
			files = (
			);
			inputPaths = (
			);
			name = "Check Pods Manifest.lock";
			outputPaths = (
			);
			runOnlyForDeploymentPostprocessing = 0;
			shellPath = /bin/sh;
			shellScript = "diff \"${PODS_ROOT}/../Podfile.lock\" \"${PODS_ROOT}/Manifest.lock\" > /dev/null\nif [[ $? != 0 ]] ; then\n    cat << EOM\nerror: The sandbox is not in sync with the Podfile.lock. Run 'pod install' or update your CocoaPods installation.\nEOM\n    exit 1\nfi\n";
			showEnvVarsInLog = 0;
		};
		DE88B28E9E9123ADAA727838 /* Copy Pods Resources */ = {
			isa = PBXShellScriptBuildPhase;
			buildActionMask = 2147483647;
			files = (
			);
			inputPaths = (
			);
			name = "Copy Pods Resources";
			outputPaths = (
			);
			runOnlyForDeploymentPostprocessing = 0;
			shellPath = /bin/sh;
			shellScript = "\"${SRCROOT}/Pods/Target Support Files/Pods-TopTunes/Pods-TopTunes-resources.sh\"\n";
			showEnvVarsInLog = 0;
		};
		F6A3522017BECB10776A1E1C /* Embed Pods Frameworks */ = {
			isa = PBXShellScriptBuildPhase;
			buildActionMask = 2147483647;
			files = (
			);
			inputPaths = (
			);
			name = "Embed Pods Frameworks";
			outputPaths = (
			);
			runOnlyForDeploymentPostprocessing = 0;
			shellPath = /bin/sh;
			shellScript = "\"${SRCROOT}/Pods/Target Support Files/Pods-TopTunes/Pods-TopTunes-frameworks.sh\"\n";
			showEnvVarsInLog = 0;
		};
/* End PBXShellScriptBuildPhase section */

/* Begin PBXSourcesBuildPhase section */
		F00551F01CA412E900AA84EC /* Sources */ = {
			isa = PBXSourcesBuildPhase;
			buildActionMask = 2147483647;
			files = (
				F05EA8531CA45A5F00585EF3 /* Constants.swift in Sources */,
				F00552341CA4133C00AA84EC /* TrackListTableViewController.swift in Sources */,
				F00552381CA4133C00AA84EC /* Track.swift in Sources */,
				F00552391CA4133C00AA84EC /* SearchAPI.swift in Sources */,
				F005523A1CA4133C00AA84EC /* PreviewButton.swift in Sources */,
				F00551F81CA412E900AA84EC /* AppDelegate.swift in Sources */,
				F00552371CA4133C00AA84EC /* TrackCell.swift in Sources */,
			);
			runOnlyForDeploymentPostprocessing = 0;
		};
		F00552041CA412E900AA84EC /* Sources */ = {
			isa = PBXSourcesBuildPhase;
			buildActionMask = 2147483647;
			files = (
				F005520D1CA412E900AA84EC /* TopTunesTests.swift in Sources */,
			);
			runOnlyForDeploymentPostprocessing = 0;
		};
		F005520F1CA412E900AA84EC /* Sources */ = {
			isa = PBXSourcesBuildPhase;
			buildActionMask = 2147483647;
			files = (
				F00552181CA412E900AA84EC /* TopTunesUITests.swift in Sources */,
			);
			runOnlyForDeploymentPostprocessing = 0;
		};
/* End PBXSourcesBuildPhase section */

/* Begin PBXTargetDependency section */
		F005520A1CA412E900AA84EC /* PBXTargetDependency */ = {
			isa = PBXTargetDependency;
			target = F00551F31CA412E900AA84EC /* TopTunes */;
			targetProxy = F00552091CA412E900AA84EC /* PBXContainerItemProxy */;
		};
		F00552151CA412E900AA84EC /* PBXTargetDependency */ = {
			isa = PBXTargetDependency;
			target = F00551F31CA412E900AA84EC /* TopTunes */;
			targetProxy = F00552141CA412E900AA84EC /* PBXContainerItemProxy */;
		};
/* End PBXTargetDependency section */

/* Begin XCBuildConfiguration section */
		F005521A1CA412E900AA84EC /* Debug */ = {
			isa = XCBuildConfiguration;
			buildSettings = {
				ALWAYS_SEARCH_USER_PATHS = NO;
				CLANG_CXX_LANGUAGE_STANDARD = "gnu++0x";
				CLANG_CXX_LIBRARY = "libc++";
				CLANG_ENABLE_MODULES = YES;
				CLANG_ENABLE_OBJC_ARC = YES;
				CLANG_WARN_BOOL_CONVERSION = YES;
				CLANG_WARN_CONSTANT_CONVERSION = YES;
				CLANG_WARN_DIRECT_OBJC_ISA_USAGE = YES_ERROR;
				CLANG_WARN_EMPTY_BODY = YES;
				CLANG_WARN_ENUM_CONVERSION = YES;
				CLANG_WARN_INT_CONVERSION = YES;
				CLANG_WARN_OBJC_ROOT_CLASS = YES_ERROR;
				CLANG_WARN_UNREACHABLE_CODE = YES;
				CLANG_WARN__DUPLICATE_METHOD_MATCH = YES;
				"CODE_SIGN_IDENTITY[sdk=iphoneos*]" = "iPhone Developer";
				COPY_PHASE_STRIP = NO;
				DEBUG_INFORMATION_FORMAT = dwarf;
				ENABLE_STRICT_OBJC_MSGSEND = YES;
				ENABLE_TESTABILITY = YES;
				GCC_C_LANGUAGE_STANDARD = gnu99;
				GCC_DYNAMIC_NO_PIC = NO;
				GCC_NO_COMMON_BLOCKS = YES;
				GCC_OPTIMIZATION_LEVEL = 0;
				GCC_PREPROCESSOR_DEFINITIONS = (
					"DEBUG=1",
					"$(inherited)",
				);
				GCC_WARN_64_TO_32_BIT_CONVERSION = YES;
				GCC_WARN_ABOUT_RETURN_TYPE = YES_ERROR;
				GCC_WARN_UNDECLARED_SELECTOR = YES;
				GCC_WARN_UNINITIALIZED_AUTOS = YES_AGGRESSIVE;
				GCC_WARN_UNUSED_FUNCTION = YES;
				GCC_WARN_UNUSED_VARIABLE = YES;
				IPHONEOS_DEPLOYMENT_TARGET = 9.2;
				MTL_ENABLE_DEBUG_INFO = YES;
				ONLY_ACTIVE_ARCH = YES;
				SDKROOT = iphoneos;
				SWIFT_OPTIMIZATION_LEVEL = "-Onone";
				TARGETED_DEVICE_FAMILY = "1,2";
			};
			name = Debug;
		};
		F005521B1CA412E900AA84EC /* Release */ = {
			isa = XCBuildConfiguration;
			buildSettings = {
				ALWAYS_SEARCH_USER_PATHS = NO;
				CLANG_CXX_LANGUAGE_STANDARD = "gnu++0x";
				CLANG_CXX_LIBRARY = "libc++";
				CLANG_ENABLE_MODULES = YES;
				CLANG_ENABLE_OBJC_ARC = YES;
				CLANG_WARN_BOOL_CONVERSION = YES;
				CLANG_WARN_CONSTANT_CONVERSION = YES;
				CLANG_WARN_DIRECT_OBJC_ISA_USAGE = YES_ERROR;
				CLANG_WARN_EMPTY_BODY = YES;
				CLANG_WARN_ENUM_CONVERSION = YES;
				CLANG_WARN_INT_CONVERSION = YES;
				CLANG_WARN_OBJC_ROOT_CLASS = YES_ERROR;
				CLANG_WARN_UNREACHABLE_CODE = YES;
				CLANG_WARN__DUPLICATE_METHOD_MATCH = YES;
				"CODE_SIGN_IDENTITY[sdk=iphoneos*]" = "iPhone Developer";
				COPY_PHASE_STRIP = NO;
				DEBUG_INFORMATION_FORMAT = "dwarf-with-dsym";
				ENABLE_NS_ASSERTIONS = NO;
				ENABLE_STRICT_OBJC_MSGSEND = YES;
				ENABLE_TESTABILITY = NO;
				GCC_C_LANGUAGE_STANDARD = gnu99;
				GCC_NO_COMMON_BLOCKS = YES;
				GCC_WARN_64_TO_32_BIT_CONVERSION = YES;
				GCC_WARN_ABOUT_RETURN_TYPE = YES_ERROR;
				GCC_WARN_UNDECLARED_SELECTOR = YES;
				GCC_WARN_UNINITIALIZED_AUTOS = YES_AGGRESSIVE;
				GCC_WARN_UNUSED_FUNCTION = YES;
				GCC_WARN_UNUSED_VARIABLE = YES;
				IPHONEOS_DEPLOYMENT_TARGET = 9.2;
				MTL_ENABLE_DEBUG_INFO = NO;
				SDKROOT = iphoneos;
				TARGETED_DEVICE_FAMILY = "1,2";
				VALIDATE_PRODUCT = YES;
			};
			name = Release;
		};
		F005521D1CA412E900AA84EC /* Debug */ = {
			isa = XCBuildConfiguration;
			baseConfigurationReference = 905EA9E05B35E110003F2C87 /* Pods-TopTunes.debug.xcconfig */;
			buildSettings = {
				ASSETCATALOG_COMPILER_APPICON_NAME = AppIcon;
				INFOPLIST_FILE = TopTunes/Info.plist;
				LD_RUNPATH_SEARCH_PATHS = "$(inherited) @executable_path/Frameworks";
				PRODUCT_BUNDLE_IDENTIFIER = co.uk.davidlobo.TopTunes;
				PRODUCT_NAME = "$(TARGET_NAME)";
			};
			name = Debug;
		};
		F005521E1CA412E900AA84EC /* Release */ = {
			isa = XCBuildConfiguration;
			baseConfigurationReference = 8D4F7580605421A67944EAED /* Pods-TopTunes.release.xcconfig */;
			buildSettings = {
				ASSETCATALOG_COMPILER_APPICON_NAME = AppIcon;
				INFOPLIST_FILE = TopTunes/Info.plist;
				LD_RUNPATH_SEARCH_PATHS = "$(inherited) @executable_path/Frameworks";
				PRODUCT_BUNDLE_IDENTIFIER = co.uk.davidlobo.TopTunes;
				PRODUCT_NAME = "$(TARGET_NAME)";
			};
			name = Release;
		};
		F00552201CA412E900AA84EC /* Debug */ = {
			isa = XCBuildConfiguration;
			buildSettings = {
				BUNDLE_LOADER = "$(TEST_HOST)";
				INFOPLIST_FILE = TopTunesTests/Info.plist;
				LD_RUNPATH_SEARCH_PATHS = "$(inherited) @executable_path/Frameworks @loader_path/Frameworks";
				PRODUCT_BUNDLE_IDENTIFIER = co.uk.davidlobo.TopTunesTests;
				PRODUCT_NAME = "$(TARGET_NAME)";
				TEST_HOST = "$(BUILT_PRODUCTS_DIR)/TopTunes.app/TopTunes";
			};
			name = Debug;
		};
		F00552211CA412E900AA84EC /* Release */ = {
			isa = XCBuildConfiguration;
			buildSettings = {
				BUNDLE_LOADER = "$(TEST_HOST)";
				INFOPLIST_FILE = TopTunesTests/Info.plist;
				LD_RUNPATH_SEARCH_PATHS = "$(inherited) @executable_path/Frameworks @loader_path/Frameworks";
				PRODUCT_BUNDLE_IDENTIFIER = co.uk.davidlobo.TopTunesTests;
				PRODUCT_NAME = "$(TARGET_NAME)";
				TEST_HOST = "$(BUILT_PRODUCTS_DIR)/TopTunes.app/TopTunes";
			};
			name = Release;
		};
		F00552231CA412E900AA84EC /* Debug */ = {
			isa = XCBuildConfiguration;
			buildSettings = {
				INFOPLIST_FILE = TopTunesUITests/Info.plist;
				LD_RUNPATH_SEARCH_PATHS = "$(inherited) @executable_path/Frameworks @loader_path/Frameworks";
				PRODUCT_BUNDLE_IDENTIFIER = co.uk.davidlobo.TopTunesUITests;
				PRODUCT_NAME = "$(TARGET_NAME)";
				TEST_TARGET_NAME = TopTunes;
				USES_XCTRUNNER = YES;
			};
			name = Debug;
		};
		F00552241CA412E900AA84EC /* Release */ = {
			isa = XCBuildConfiguration;
			buildSettings = {
				INFOPLIST_FILE = TopTunesUITests/Info.plist;
				LD_RUNPATH_SEARCH_PATHS = "$(inherited) @executable_path/Frameworks @loader_path/Frameworks";
				PRODUCT_BUNDLE_IDENTIFIER = co.uk.davidlobo.TopTunesUITests;
				PRODUCT_NAME = "$(TARGET_NAME)";
				TEST_TARGET_NAME = TopTunes;
				USES_XCTRUNNER = YES;
			};
			name = Release;
		};
/* End XCBuildConfiguration section */

/* Begin XCConfigurationList section */
		F00551EF1CA412E900AA84EC /* Build configuration list for PBXProject "TopTunes" */ = {
			isa = XCConfigurationList;
			buildConfigurations = (
				F005521A1CA412E900AA84EC /* Debug */,
				F005521B1CA412E900AA84EC /* Release */,
			);
			defaultConfigurationIsVisible = 0;
			defaultConfigurationName = Release;
		};
		F005521C1CA412E900AA84EC /* Build configuration list for PBXNativeTarget "TopTunes" */ = {
			isa = XCConfigurationList;
			buildConfigurations = (
				F005521D1CA412E900AA84EC /* Debug */,
				F005521E1CA412E900AA84EC /* Release */,
			);
			defaultConfigurationIsVisible = 0;
			defaultConfigurationName = Release;
		};
		F005521F1CA412E900AA84EC /* Build configuration list for PBXNativeTarget "TopTunesTests" */ = {
			isa = XCConfigurationList;
			buildConfigurations = (
				F00552201CA412E900AA84EC /* Debug */,
				F00552211CA412E900AA84EC /* Release */,
			);
			defaultConfigurationIsVisible = 0;
			defaultConfigurationName = Release;
		};
		F00552221CA412E900AA84EC /* Build configuration list for PBXNativeTarget "TopTunesUITests" */ = {
			isa = XCConfigurationList;
			buildConfigurations = (
				F00552231CA412E900AA84EC /* Debug */,
				F00552241CA412E900AA84EC /* Release */,
			);
			defaultConfigurationIsVisible = 0;
			defaultConfigurationName = Release;
		};
/* End XCConfigurationList section */
	};
	rootObject = F00551EC1CA412E900AA84EC /* Project object */;
}
